
Microsoft Visual Studio Solution File, Format Version 12.00
# Visual Studio Version 16
VisualStudioVersion = 16.0.29728.190
MinimumVisualStudioVersion = 10.0.40219.1
Project("{FAE04EC0-301F-11D3-BF4B-00C04F79EFBC}") = "MouseMovement", "MouseMovement.csproj", "{33DED2D1-9942-4C3F-9444-4D9BE58B4208}"
EndProject
Global
	GlobalSection(SolutionConfigurationPlatforms) = preSolution
		Debug|Any CPU = Debug|Any CPU
		Release|Any CPU = Release|Any CPU
	EndGlobalSection
	GlobalSection(ProjectConfigurationPlatforms) = postSolution
		{33DED2D1-9942-4C3F-9444-4D9BE58B4208}.Debug|Any CPU.ActiveCfg = Debug|Any CPU
		{33DED2D1-9942-4C3F-9444-4D9BE58B4208}.Debug|Any CPU.Build.0 = Debug|Any CPU
		{33DED2D1-9942-4C3F-9444-4D9BE58B4208}.Release|Any CPU.ActiveCfg = Release|Any CPU
		{33DED2D1-9942-4C3F-9444-4D9BE58B4208}.Release|Any CPU.Build.0 = Release|Any CPU
	EndGlobalSection
	GlobalSection(SolutionProperties) = preSolution
		HideSolutionNode = FALSE
	EndGlobalSection
	GlobalSection(ExtensibilityGlobals) = postSolution
		SolutionGuid = {9E6D30B6-05CE-451A-9235-0D3367576D45}
	EndGlobalSection
EndGlobal
